{
  "object": {
    "pins": [
      {
        "package": "Tweaks",
        "repositoryURL": "https://github.com/tevelee/Tweaks",
        "state": {
          "branch": null,
          "revision": "fb99e7c537f22444cd47a41d1f773ab579e032df",
          "version": "2.0.0"
        }
      }
    ]
  },
  "version": 1
}
