{
  "object": {
    "pins": [
      {
        "package": "Tweaks",
        "repositoryURL": "https://github.com/tevelee/Tweaks",
        "state": {
          "branch": null,
          "revision": "fd8fef1320314b4284e892213e622ecb4bc6d52c",
          "version": "1.0.0"
        }
      }
    ]
  },
  "version": 1
}
